
Microsoft Visual Studio Solution File, Format Version 12.00
# Visual Studio Version 16
VisualStudioVersion = 16.0.30503.244
MinimumVisualStudioVersion = 10.0.40219.1
Project("{9A19103F-16F7-4668-BE54-9A1E7A4F7556}") = "OnlineTourAndTravelAgency", "OnlineTourAndTravelAgency\OnlineTourAndTravelAgency.csproj", "{25E0C6F6-B3F6-4278-8DC5-4588C40FCBAA}"
EndProject
Project("{FAE04EC0-301F-11D3-BF4B-00C04F79EFBC}") = "TourAndTravelClient1", "TourAndTravelClient1\TourAndTravelClient1.csproj", "{E694F5B0-C9F7-4D76-AB34-093B39522A00}"
EndProject
Global
	GlobalSection(SolutionConfigurationPlatforms) = preSolution
		Debug|Any CPU = Debug|Any CPU
		Release|Any CPU = Release|Any CPU
	EndGlobalSection
	GlobalSection(ProjectConfigurationPlatforms) = postSolution
		{25E0C6F6-B3F6-4278-8DC5-4588C40FCBAA}.Debug|Any CPU.ActiveCfg = Debug|Any CPU
		{25E0C6F6-B3F6-4278-8DC5-4588C40FCBAA}.Debug|Any CPU.Build.0 = Debug|Any CPU
		{25E0C6F6-B3F6-4278-8DC5-4588C40FCBAA}.Release|Any CPU.ActiveCfg = Release|Any CPU
		{25E0C6F6-B3F6-4278-8DC5-4588C40FCBAA}.Release|Any CPU.Build.0 = Release|Any CPU
		{E694F5B0-C9F7-4D76-AB34-093B39522A00}.Debug|Any CPU.ActiveCfg = Debug|Any CPU
		{E694F5B0-C9F7-4D76-AB34-093B39522A00}.Debug|Any CPU.Build.0 = Debug|Any CPU
		{E694F5B0-C9F7-4D76-AB34-093B39522A00}.Release|Any CPU.ActiveCfg = Release|Any CPU
		{E694F5B0-C9F7-4D76-AB34-093B39522A00}.Release|Any CPU.Build.0 = Release|Any CPU
	EndGlobalSection
	GlobalSection(SolutionProperties) = preSolution
		HideSolutionNode = FALSE
	EndGlobalSection
	GlobalSection(ExtensibilityGlobals) = postSolution
		SolutionGuid = {ABABB1B1-1B1B-493E-91CA-6C7177251BA1}
	EndGlobalSection
EndGlobal
